
Microsoft Visual Studio Solution File, Format Version 12.00
# Visual Studio 15
VisualStudioVersion = 15.0.27729.1
MinimumVisualStudioVersion = 10.0.40219.1
Project("{9A19103F-16F7-4668-BE54-9A1E7A4F7556}") = "my-website", "my-website.csproj", "{5D3DC39B-AA48-4237-B09C-D867922D8A82}"
EndProject
Project("{FAE04EC0-301F-11D3-BF4B-00C04F79EFBC}") = "XUnitTestProject1", "..\XUnitTestProject1\XUnitTestProject1.csproj", "{5DCE7CC1-AD98-4072-A5B6-E7022AF4F16D}"
EndProject
Global
	GlobalSection(SolutionConfigurationPlatforms) = preSolution
		Debug|Any CPU = Debug|Any CPU
		Release|Any CPU = Release|Any CPU
	EndGlobalSection
	GlobalSection(ProjectConfigurationPlatforms) = postSolution
		{5D3DC39B-AA48-4237-B09C-D867922D8A82}.Debug|Any CPU.ActiveCfg = Debug|Any CPU
		{5D3DC39B-AA48-4237-B09C-D867922D8A82}.Debug|Any CPU.Build.0 = Debug|Any CPU
		{5D3DC39B-AA48-4237-B09C-D867922D8A82}.Release|Any CPU.ActiveCfg = Release|Any CPU
		{5D3DC39B-AA48-4237-B09C-D867922D8A82}.Release|Any CPU.Build.0 = Release|Any CPU
		{5DCE7CC1-AD98-4072-A5B6-E7022AF4F16D}.Debug|Any CPU.ActiveCfg = Debug|Any CPU
		{5DCE7CC1-AD98-4072-A5B6-E7022AF4F16D}.Debug|Any CPU.Build.0 = Debug|Any CPU
		{5DCE7CC1-AD98-4072-A5B6-E7022AF4F16D}.Release|Any CPU.ActiveCfg = Release|Any CPU
		{5DCE7CC1-AD98-4072-A5B6-E7022AF4F16D}.Release|Any CPU.Build.0 = Release|Any CPU
	EndGlobalSection
	GlobalSection(SolutionProperties) = preSolution
		HideSolutionNode = FALSE
	EndGlobalSection
	GlobalSection(ExtensibilityGlobals) = postSolution
		SolutionGuid = {304D1246-4588-479B-86E7-ED84B4A5AF08}
	EndGlobalSection
EndGlobal
